
Microsoft Visual Studio Solution File, Format Version 12.00
# Visual Studio Version 16
VisualStudioVersion = 16.0.31729.503
MinimumVisualStudioVersion = 10.0.40219.1
Project("{FAE04EC0-301F-11D3-BF4B-00C04F79EFBC}") = "Rock_Paper_Scissors_v2App", "Rock_Paper_Scissors_v2App\Rock_Paper_Scissors_v2App.csproj", "{21BFA748-0953-4880-BEF0-4804EB43D44B}"
EndProject
Global
	GlobalSection(SolutionConfigurationPlatforms) = preSolution
		Debug|Any CPU = Debug|Any CPU
		Release|Any CPU = Release|Any CPU
	EndGlobalSection
	GlobalSection(ProjectConfigurationPlatforms) = postSolution
		{21BFA748-0953-4880-BEF0-4804EB43D44B}.Debug|Any CPU.ActiveCfg = Debug|Any CPU
		{21BFA748-0953-4880-BEF0-4804EB43D44B}.Debug|Any CPU.Build.0 = Debug|Any CPU
		{21BFA748-0953-4880-BEF0-4804EB43D44B}.Release|Any CPU.ActiveCfg = Release|Any CPU
		{21BFA748-0953-4880-BEF0-4804EB43D44B}.Release|Any CPU.Build.0 = Release|Any CPU
	EndGlobalSection
	GlobalSection(SolutionProperties) = preSolution
		HideSolutionNode = FALSE
	EndGlobalSection
	GlobalSection(ExtensibilityGlobals) = postSolution
		SolutionGuid = {43420CBA-5B9E-4C78-B6B5-DD1BF46ACF0A}
	EndGlobalSection
EndGlobal
